<?xml version="1.0" encoding="utf-8"?>
<Project ToolsVersion="4.0" xmlns="http://schemas.microsoft.com/developer/msbuild/2003">
  <ItemGroup>
    <Filter Include="Source Files">
      <UniqueIdentifier>{4FC737F1-C7A5-4376-A066-2A32D752A2FF}</UniqueIdentifier>
      <Extensions>cpp;c;cc;cxx;c++;cppm;ixx;def;odl;idl;hpj;bat;asm;asmx</Extensions>
    </Filter>
    <Filter Include="Header Files">
      <UniqueIdentifier>{93995380-89BD-4b04-88EB-625FBE52EBFB}</UniqueIdentifier>
      <Extensions>h;hh;hpp;hxx;h++;hm;inl;inc;ipp;xsd</Extensions>
    </Filter>
    <Filter Include="Resource Files">
      <UniqueIdentifier>{67DA6AB6-F800-4c08-8B7A-83BB121AAD01}</UniqueIdentifier>
      <Extensions>rc;ico;cur;bmp;dlg;rc2;rct;bin;rgs;gif;jpg;jpeg;jpe;resx;tiff;tif;png;wav;mfcribbon-ms</Extensions>
    </Filter>
    <Filter Include="Funcs">
      <UniqueIdentifier>{9bcd8370-94f7-4c33-a1d0-ead7db934fc3}</UniqueIdentifier>
    </Filter>
  </ItemGroup>
  <ItemGroup>
    <ClInclude Include="framework.h">
      <Filter>Header Files</Filter>
    </ClInclude>
    <ClInclude Include="globals.h">
      <Filter>Header Files</Filter>
    </ClInclude>
    <ClInclude Include="Engine.h">
      <Filter>Source Files</Filter>
    </ClInclude>
  </ItemGroup>
  <ItemGroup>
    <ClCompile Include="dllmain.cpp">
      <Filter>Source Files</Filter>
    </ClCompile>
    <ClCompile Include="Engine.cpp">
      <Filter>Source Files</Filter>
    </ClCompile>
    <ClCompile Include="SDK\SDK\ALTF4_Solo_PC_functions.cpp">
      <Filter>Funcs</Filter>
    </ClCompile>
    <ClCompile Include="SDK\SDK\ALTF4_Tuto_GM_functions.cpp">
      <Filter>Funcs</Filter>
    </ClCompile>
    <ClCompile Include="SDK\SDK\ALTF4_Tuto_PC_functions.cpp">
      <Filter>Funcs</Filter>
    </ClCompile>
    <ClCompile Include="SDK\SDK\AnimationSharing_functions.cpp">
      <Filter>Funcs</Filter>
    </ClCompile>
    <ClCompile Include="SDK\SDK\AnimBP_ai_functions.cpp">
      <Filter>Funcs</Filter>
    </ClCompile>
    <ClCompile Include="SDK\SDK\AnimBP_ALTF4_Character_functions.cpp">
      <Filter>Funcs</Filter>
    </ClCompile>
    <ClCompile Include="SDK\SDK\AnimBP_BarNpc_functions.cpp">
      <Filter>Funcs</Filter>
    </ClCompile>
    <ClCompile Include="SDK\SDK\AnimBP_BarNpcDance_functions.cpp">
      <Filter>Funcs</Filter>
    </ClCompile>
    <ClCompile Include="SDK\SDK\AnimBP_Character_functions.cpp">
      <Filter>Funcs</Filter>
    </ClCompile>
    <ClCompile Include="SDK\SDK\AnimGraphRuntime_functions.cpp">
      <Filter>Funcs</Filter>
    </ClCompile>
    <ClCompile Include="SDK\SDK\ApexDestruction_functions.cpp">
      <Filter>Funcs</Filter>
    </ClCompile>
    <ClCompile Include="SDK\SDK\Area_02_TrapTrigger_BP_functions.cpp">
      <Filter>Funcs</Filter>
    </ClCompile>
    <ClCompile Include="SDK\SDK\AssetRegistry_functions.cpp">
      <Filter>Funcs</Filter>
    </ClCompile>
    <ClCompile Include="SDK\SDK\AssetTags_functions.cpp">
      <Filter>Funcs</Filter>
    </ClCompile>
    <ClCompile Include="SDK\SDK\AudioCapture_functions.cpp">
      <Filter>Funcs</Filter>
    </ClCompile>
    <ClCompile Include="SDK\SDK\AudioMixer_functions.cpp">
      <Filter>Funcs</Filter>
    </ClCompile>
    <ClCompile Include="SDK\SDK\AudioSettingsWidgetBP_functions.cpp">
      <Filter>Funcs</Filter>
    </ClCompile>
    <ClCompile Include="SDK\SDK\AudioSynesthesia_functions.cpp">
      <Filter>Funcs</Filter>
    </ClCompile>
    <ClCompile Include="SDK\SDK\AugmentedReality_functions.cpp">
      <Filter>Funcs</Filter>
    </ClCompile>
    <ClCompile Include="SDK\SDK\AutomationUtils_functions.cpp">
      <Filter>Funcs</Filter>
    </ClCompile>
    <ClCompile Include="SDK\SDK\BarDanceNPC_Pawn_functions.cpp">
      <Filter>Funcs</Filter>
    </ClCompile>
    <ClCompile Include="SDK\SDK\BarNPC_Pawn_functions.cpp">
      <Filter>Funcs</Filter>
    </ClCompile>
    <ClCompile Include="SDK\SDK\Barrel_Follower_BP_functions.cpp">
      <Filter>Funcs</Filter>
    </ClCompile>
    <ClCompile Include="SDK\SDK\Barrel_Projectile_BP_functions.cpp">
      <Filter>Funcs</Filter>
    </ClCompile>
    <ClCompile Include="SDK\SDK\BarrelFireTrapTrigger_BP_functions.cpp">
      <Filter>Funcs</Filter>
    </ClCompile>
    <ClCompile Include="SDK\SDK\BarrelSpawner_BP_functions.cpp">
      <Filter>Funcs</Filter>
    </ClCompile>
    <ClCompile Include="SDK\SDK\Basic.cpp">
      <Filter>Funcs</Filter>
    </ClCompile>
    <ClCompile Include="SDK\SDK\BGM_bp_functions.cpp">
      <Filter>Funcs</Filter>
    </ClCompile>
    <ClCompile Include="SDK\SDK\BP_ai_DarkNight_functions.cpp">
      <Filter>Funcs</Filter>
    </ClCompile>
    <ClCompile Include="SDK\SDK\BP_ai_pawn_ver2_functions.cpp">
      <Filter>Funcs</Filter>
    </ClCompile>
    <ClCompile Include="SDK\SDK\BP_ALTF4_Chick_Pawn_functions.cpp">
      <Filter>Funcs</Filter>
    </ClCompile>
    <ClCompile Include="SDK\SDK\BP_ALTF4_Dragon_functions.cpp">
      <Filter>Funcs</Filter>
    </ClCompile>
    <ClCompile Include="SDK\SDK\BP_ALTF4_Pawn_functions.cpp">
      <Filter>Funcs</Filter>
    </ClCompile>
    <ClCompile Include="SDK\SDK\BP_Cannon_functions.cpp">
      <Filter>Funcs</Filter>
    </ClCompile>
    <ClCompile Include="SDK\SDK\BP_CannonProjectile_functions.cpp">
      <Filter>Funcs</Filter>
    </ClCompile>
    <ClCompile Include="SDK\SDK\BP_MainMenuPC_functions.cpp">
      <Filter>Funcs</Filter>
    </ClCompile>
    <ClCompile Include="SDK\SDK\BP_Pawn_functions.cpp">
      <Filter>Funcs</Filter>
    </ClCompile>
    <ClCompile Include="SDK\SDK\BP_PendulumTraps_functions.cpp">
      <Filter>Funcs</Filter>
    </ClCompile>
    <ClCompile Include="SDK\SDK\BP_SA01_SwingTrap_functions.cpp">
      <Filter>Funcs</Filter>
    </ClCompile>
    <ClCompile Include="SDK\SDK\BP_Sky_Sphere_functions.cpp">
      <Filter>Funcs</Filter>
    </ClCompile>
    <ClCompile Include="SDK\SDK\BP_WaterDiePawn_functions.cpp">
      <Filter>Funcs</Filter>
    </ClCompile>
    <ClCompile Include="SDK\SDK\BPI_Gameinstance_functions.cpp">
      <Filter>Funcs</Filter>
    </ClCompile>
    <ClCompile Include="SDK\SDK\Brige_BP_functions.cpp">
      <Filter>Funcs</Filter>
    </ClCompile>
    <ClCompile Include="SDK\SDK\CableComponent_functions.cpp">
      <Filter>Funcs</Filter>
    </ClCompile>
    <ClCompile Include="SDK\SDK\CannonFireTrapTrigger_BP_functions.cpp">
      <Filter>Funcs</Filter>
    </ClCompile>
    <ClCompile Include="SDK\SDK\Castle_FootRest_BP_functions.cpp">
      <Filter>Funcs</Filter>
    </ClCompile>
    <ClCompile Include="SDK\SDK\CastleGate_BP_functions.cpp">
      <Filter>Funcs</Filter>
    </ClCompile>
    <ClCompile Include="SDK\SDK\CastleRoute_TrapTrigger_BP_functions.cpp">
      <Filter>Funcs</Filter>
    </ClCompile>
    <ClCompile Include="SDK\SDK\CenterButton_functions.cpp">
      <Filter>Funcs</Filter>
    </ClCompile>
    <ClCompile Include="SDK\SDK\Challenge_EpicLeaderboardEntry_functions.cpp">
      <Filter>Funcs</Filter>
    </ClCompile>
    <ClCompile Include="SDK\SDK\ChallengeRecordMenuWidgetBP_functions.cpp">
      <Filter>Funcs</Filter>
    </ClCompile>
    <ClCompile Include="SDK\SDK\ChaosSolverEngine_functions.cpp">
      <Filter>Funcs</Filter>
    </ClCompile>
    <ClCompile Include="SDK\SDK\CheeringNPC_Trap_BP_functions.cpp">
      <Filter>Funcs</Filter>
    </ClCompile>
    <ClCompile Include="SDK\SDK\ChickBoat_Trap_Bp_functions.cpp">
      <Filter>Funcs</Filter>
    </ClCompile>
    <ClCompile Include="SDK\SDK\ChickEggFire_BP_functions.cpp">
      <Filter>Funcs</Filter>
    </ClCompile>
    <ClCompile Include="SDK\SDK\ChickenAnimBlueprint_functions.cpp">
      <Filter>Funcs</Filter>
    </ClCompile>
    <ClCompile Include="SDK\SDK\CinematicCamera_functions.cpp">
      <Filter>Funcs</Filter>
    </ClCompile>
    <ClCompile Include="SDK\SDK\ClothingSystemRuntimeInterface_functions.cpp">
      <Filter>Funcs</Filter>
    </ClCompile>
    <ClCompile Include="SDK\SDK\ClothingSystemRuntimeNv_functions.cpp">
      <Filter>Funcs</Filter>
    </ClCompile>
    <ClCompile Include="SDK\SDK\ControlsGamepadBindingsWidgetBP_functions.cpp">
      <Filter>Funcs</Filter>
    </ClCompile>
    <ClCompile Include="SDK\SDK\ControlsKeyBindingsWidgetBP_functions.cpp">
      <Filter>Funcs</Filter>
    </ClCompile>
    <ClCompile Include="SDK\SDK\ControlsOverviewWidgetBP_functions.cpp">
      <Filter>Funcs</Filter>
    </ClCompile>
    <ClCompile Include="SDK\SDK\ControlsSettingsContainerWidgetBP_functions.cpp">
      <Filter>Funcs</Filter>
    </ClCompile>
    <ClCompile Include="SDK\SDK\CoreUObject_functions.cpp">
      <Filter>Funcs</Filter>
    </ClCompile>
    <ClCompile Include="SDK\SDK\CreditsWidgetBP_functions.cpp">
      <Filter>Funcs</Filter>
    </ClCompile>
    <ClCompile Include="SDK\SDK\CustomMeshComponent_functions.cpp">
      <Filter>Funcs</Filter>
    </ClCompile>
    <ClCompile Include="SDK\SDK\DatasmithContent_functions.cpp">
      <Filter>Funcs</Filter>
    </ClCompile>
    <ClCompile Include="SDK\SDK\Dead_NormalBody_BP_functions.cpp">
      <Filter>Funcs</Filter>
    </ClCompile>
    <ClCompile Include="SDK\SDK\DecisionButton_functions.cpp">
      <Filter>Funcs</Filter>
    </ClCompile>
    <ClCompile Include="SDK\SDK\DecisionDialogWidgetBP_functions.cpp">
      <Filter>Funcs</Filter>
    </ClCompile>
    <ClCompile Include="SDK\SDK\DemoWidget_Challenge_Mainmenu_functions.cpp">
      <Filter>Funcs</Filter>
    </ClCompile>
    <ClCompile Include="SDK\SDK\DemoWidget_Item_Mainmenu_functions.cpp">
      <Filter>Funcs</Filter>
    </ClCompile>
    <ClCompile Include="SDK\SDK\DevilRoute_BarrelSpawner_BP_functions.cpp">
      <Filter>Funcs</Filter>
    </ClCompile>
    <ClCompile Include="SDK\SDK\DevilRoute_TrapTrigger_BP_functions.cpp">
      <Filter>Funcs</Filter>
    </ClCompile>
    <ClCompile Include="SDK\SDK\DisplaySettingsWidgetBP_functions.cpp">
      <Filter>Funcs</Filter>
    </ClCompile>
    <ClCompile Include="SDK\SDK\DoorLight_BP_functions.cpp">
      <Filter>Funcs</Filter>
    </ClCompile>
    <ClCompile Include="SDK\SDK\Drangon_AnimBP_functions.cpp">
      <Filter>Funcs</Filter>
    </ClCompile>
    <ClCompile Include="SDK\SDK\DropSwordTrap_BP_functions.cpp">
      <Filter>Funcs</Filter>
    </ClCompile>
    <ClCompile Include="SDK\SDK\DrunkNPC_Pawn_functions.cpp">
      <Filter>Funcs</Filter>
    </ClCompile>
    <ClCompile Include="SDK\SDK\DynamicNode_functions.cpp">
      <Filter>Funcs</Filter>
    </ClCompile>
    <ClCompile Include="SDK\SDK\EditableMesh_functions.cpp">
      <Filter>Funcs</Filter>
    </ClCompile>
    <ClCompile Include="SDK\SDK\Egg_shot_BP_functions.cpp">
      <Filter>Funcs</Filter>
    </ClCompile>
    <ClCompile Include="SDK\SDK\ElevatorTrap_BP_functions.cpp">
      <Filter>Funcs</Filter>
    </ClCompile>
    <ClCompile Include="SDK\SDK\Engine_functions.cpp">
      <Filter>Funcs</Filter>
    </ClCompile>
    <ClCompile Include="SDK\SDK\EngineSettings_functions.cpp">
      <Filter>Funcs</Filter>
    </ClCompile>
    <ClCompile Include="SDK\SDK\EpicLeaderboard_functions.cpp">
      <Filter>Funcs</Filter>
    </ClCompile>
    <ClCompile Include="SDK\SDK\EpicLeaderboardEntryInterface_functions.cpp">
      <Filter>Funcs</Filter>
    </ClCompile>
    <ClCompile Include="SDK\SDK\EpicLeaderboardFrame_functions.cpp">
      <Filter>Funcs</Filter>
    </ClCompile>
    <ClCompile Include="SDK\SDK\EyeTracker_functions.cpp">
      <Filter>Funcs</Filter>
    </ClCompile>
    <ClCompile Include="SDK\SDK\FadeBorderWidgetBP_functions.cpp">
      <Filter>Funcs</Filter>
    </ClCompile>
    <ClCompile Include="SDK\SDK\FastMoveFootrest_BP_functions.cpp">
      <Filter>Funcs</Filter>
    </ClCompile>
    <ClCompile Include="SDK\SDK\FieldSystemEngine_functions.cpp">
      <Filter>Funcs</Filter>
    </ClCompile>
    <ClCompile Include="SDK\SDK\FireBall_Projectile_BP_functions.cpp">
      <Filter>Funcs</Filter>
    </ClCompile>
    <ClCompile Include="SDK\SDK\First_Route_TrapTrigger_BP_functions.cpp">
      <Filter>Funcs</Filter>
    </ClCompile>
    <ClCompile Include="SDK\SDK\Foliage_functions.cpp">
      <Filter>Funcs</Filter>
    </ClCompile>
    <ClCompile Include="SDK\SDK\GamepadKey_functions.cpp">
      <Filter>Funcs</Filter>
    </ClCompile>
    <ClCompile Include="SDK\SDK\GamepadKey_Move_functions.cpp">
      <Filter>Funcs</Filter>
    </ClCompile>
    <ClCompile Include="SDK\SDK\GamepadKeyPOV_functions.cpp">
      <Filter>Funcs</Filter>
    </ClCompile>
    <ClCompile Include="SDK\SDK\GamepadWidgetBP_functions.cpp">
      <Filter>Funcs</Filter>
    </ClCompile>
    <ClCompile Include="SDK\SDK\GameplayTags_functions.cpp">
      <Filter>Funcs</Filter>
    </ClCompile>
    <ClCompile Include="SDK\SDK\GameplayTasks_functions.cpp">
      <Filter>Funcs</Filter>
    </ClCompile>
    <ClCompile Include="SDK\SDK\GameSettingsWidgetBP_functions.cpp">
      <Filter>Funcs</Filter>
    </ClCompile>
    <ClCompile Include="SDK\SDK\GeometryCache_functions.cpp">
      <Filter>Funcs</Filter>
    </ClCompile>
    <ClCompile Include="SDK\SDK\GeometryCollectionEngine_functions.cpp">
      <Filter>Funcs</Filter>
    </ClCompile>
    <ClCompile Include="SDK\SDK\GlobalInteractableUserWidget_functions.cpp">
      <Filter>Funcs</Filter>
    </ClCompile>
    <ClCompile Include="SDK\SDK\GooglePAD_functions.cpp">
      <Filter>Funcs</Filter>
    </ClCompile>
    <ClCompile Include="SDK\SDK\Goose_shot_functions.cpp">
      <Filter>Funcs</Filter>
    </ClCompile>
    <ClCompile Include="SDK\SDK\GooseShot_BP_functions.cpp">
      <Filter>Funcs</Filter>
    </ClCompile>
    <ClCompile Include="SDK\SDK\GooseShot_Replicate_BP_functions.cpp">
      <Filter>Funcs</Filter>
    </ClCompile>
    <ClCompile Include="SDK\SDK\GraphicsSettingsWidgetBP_functions.cpp">
      <Filter>Funcs</Filter>
    </ClCompile>
    <ClCompile Include="SDK\SDK\HardRoute_TrapTrigger_BP_functions.cpp">
      <Filter>Funcs</Filter>
    </ClCompile>
    <ClCompile Include="SDK\SDK\HeadMountedDisplay_functions.cpp">
      <Filter>Funcs</Filter>
    </ClCompile>
    <ClCompile Include="SDK\SDK\ImageWriteQueue_functions.cpp">
      <Filter>Funcs</Filter>
    </ClCompile>
    <ClCompile Include="SDK\SDK\ImgMedia_functions.cpp">
      <Filter>Funcs</Filter>
    </ClCompile>
    <ClCompile Include="SDK\SDK\IngameMenuContainerWidgetBP_functions.cpp">
      <Filter>Funcs</Filter>
    </ClCompile>
    <ClCompile Include="SDK\SDK\IngameMenuOverviewWidgetBP_functions.cpp">
      <Filter>Funcs</Filter>
    </ClCompile>
    <ClCompile Include="SDK\SDK\InteractableMenuWidgetBP_functions.cpp">
      <Filter>Funcs</Filter>
    </ClCompile>
    <ClCompile Include="SDK\SDK\InteractableUserWidget_functions.cpp">
      <Filter>Funcs</Filter>
    </ClCompile>
    <ClCompile Include="SDK\SDK\InteractiveToolsFramework_functions.cpp">
      <Filter>Funcs</Filter>
    </ClCompile>
    <ClCompile Include="SDK\SDK\IntroWidgetBP_functions.cpp">
      <Filter>Funcs</Filter>
    </ClCompile>
    <ClCompile Include="SDK\SDK\Item_EpicLeaderboardEntry_functions.cpp">
      <Filter>Funcs</Filter>
    </ClCompile>
    <ClCompile Include="SDK\SDK\ItemRecordMenuWidgetBP_functions.cpp">
      <Filter>Funcs</Filter>
    </ClCompile>
    <ClCompile Include="SDK\SDK\JumpJumpTrap_BP_functions.cpp">
      <Filter>Funcs</Filter>
    </ClCompile>
    <ClCompile Include="SDK\SDK\KeyboardKey_functions.cpp">
      <Filter>Funcs</Filter>
    </ClCompile>
    <ClCompile Include="SDK\SDK\KeyboardWidgetBP_functions.cpp">
      <Filter>Funcs</Filter>
    </ClCompile>
    <ClCompile Include="SDK\SDK\Knight_PortalGo_Trigger_BP_functions.cpp">
      <Filter>Funcs</Filter>
    </ClCompile>
    <ClCompile Include="SDK\SDK\Knight_Shot_BP_functions.cpp">
      <Filter>Funcs</Filter>
    </ClCompile>
    <ClCompile Include="SDK\SDK\Landscape_functions.cpp">
      <Filter>Funcs</Filter>
    </ClCompile>
    <ClCompile Include="SDK\SDK\LastRoute_FootRest_BP_functions.cpp">
      <Filter>Funcs</Filter>
    </ClCompile>
    <ClCompile Include="SDK\SDK\LastRoute_TrapTrigger_BP_functions.cpp">
      <Filter>Funcs</Filter>
    </ClCompile>
    <ClCompile Include="SDK\SDK\LastRouteSwingTrap_BP_functions.cpp">
      <Filter>Funcs</Filter>
    </ClCompile>
    <ClCompile Include="SDK\SDK\LaunchShield_BP_functions.cpp">
      <Filter>Funcs</Filter>
    </ClCompile>
    <ClCompile Include="SDK\SDK\LevelSequence_functions.cpp">
      <Filter>Funcs</Filter>
    </ClCompile>
    <ClCompile Include="SDK\SDK\LoadingScreenWidgetBP_functions.cpp">
      <Filter>Funcs</Filter>
    </ClCompile>
    <ClCompile Include="SDK\SDK\LocationServicesBPLibrary_functions.cpp">
      <Filter>Funcs</Filter>
    </ClCompile>
    <ClCompile Include="SDK\SDK\Mackerel_anim_bp_functions.cpp">
      <Filter>Funcs</Filter>
    </ClCompile>
    <ClCompile Include="SDK\SDK\MagicLeap_functions.cpp">
      <Filter>Funcs</Filter>
    </ClCompile>
    <ClCompile Include="SDK\SDK\MagicLeapAR_functions.cpp">
      <Filter>Funcs</Filter>
    </ClCompile>
    <ClCompile Include="SDK\SDK\MagicLeapARPin_functions.cpp">
      <Filter>Funcs</Filter>
    </ClCompile>
    <ClCompile Include="SDK\SDK\MagicLeapARPinInfoActor_functions.cpp">
      <Filter>Funcs</Filter>
    </ClCompile>
    <ClCompile Include="SDK\SDK\MagicLeapAudio_functions.cpp">
      <Filter>Funcs</Filter>
    </ClCompile>
    <ClCompile Include="SDK\SDK\MagicLeapController_functions.cpp">
      <Filter>Funcs</Filter>
    </ClCompile>
    <ClCompile Include="SDK\SDK\MagicLeapEyeTracker_functions.cpp">
      <Filter>Funcs</Filter>
    </ClCompile>
    <ClCompile Include="SDK\SDK\MagicLeapHandMeshing_functions.cpp">
      <Filter>Funcs</Filter>
    </ClCompile>
    <ClCompile Include="SDK\SDK\MagicLeapHandTracking_functions.cpp">
      <Filter>Funcs</Filter>
    </ClCompile>
    <ClCompile Include="SDK\SDK\MagicLeapIdentity_functions.cpp">
      <Filter>Funcs</Filter>
    </ClCompile>
    <ClCompile Include="SDK\SDK\MagicLeapImageTracker_functions.cpp">
      <Filter>Funcs</Filter>
    </ClCompile>
    <ClCompile Include="SDK\SDK\MagicLeapLightEstimation_functions.cpp">
      <Filter>Funcs</Filter>
    </ClCompile>
    <ClCompile Include="SDK\SDK\MagicLeapPlanes_functions.cpp">
      <Filter>Funcs</Filter>
    </ClCompile>
    <ClCompile Include="SDK\SDK\MagicLeapPrivileges_functions.cpp">
      <Filter>Funcs</Filter>
    </ClCompile>
    <ClCompile Include="SDK\SDK\MagicLeapSecureStorage_functions.cpp">
      <Filter>Funcs</Filter>
    </ClCompile>
    <ClCompile Include="SDK\SDK\MagicLeapSharedWorld_functions.cpp">
      <Filter>Funcs</Filter>
    </ClCompile>
    <ClCompile Include="SDK\SDK\MainButton_functions.cpp">
      <Filter>Funcs</Filter>
    </ClCompile>
    <ClCompile Include="SDK\SDK\MainMenu_02_functions.cpp">
      <Filter>Funcs</Filter>
    </ClCompile>
    <ClCompile Include="SDK\SDK\MainMenuContainerWidgetBP_functions.cpp">
      <Filter>Funcs</Filter>
    </ClCompile>
    <ClCompile Include="SDK\SDK\MainMenuOverviewWidgetBP_functions.cpp">
      <Filter>Funcs</Filter>
    </ClCompile>
    <ClCompile Include="SDK\SDK\MapselectMenuWidgetBP_functions.cpp">
      <Filter>Funcs</Filter>
    </ClCompile>
    <ClCompile Include="SDK\SDK\MediaAssets_functions.cpp">
      <Filter>Funcs</Filter>
    </ClCompile>
    <ClCompile Include="SDK\SDK\MenuCharacterComponent_functions.cpp">
      <Filter>Funcs</Filter>
    </ClCompile>
    <ClCompile Include="SDK\SDK\MenuControllerComponent_functions.cpp">
      <Filter>Funcs</Filter>
    </ClCompile>
    <ClCompile Include="SDK\SDK\MenuScrollBox_functions.cpp">
      <Filter>Funcs</Filter>
    </ClCompile>
    <ClCompile Include="SDK\SDK\MenuSystemPro_functions.cpp">
      <Filter>Funcs</Filter>
    </ClCompile>
    <ClCompile Include="SDK\SDK\MeshDescription_functions.cpp">
      <Filter>Funcs</Filter>
    </ClCompile>
    <ClCompile Include="SDK\SDK\MH_Route_TrapTrigger_BP_functions.cpp">
      <Filter>Funcs</Filter>
    </ClCompile>
    <ClCompile Include="SDK\SDK\MiddleRoute_Jump_BP_functions.cpp">
      <Filter>Funcs</Filter>
    </ClCompile>
    <ClCompile Include="SDK\SDK\MiddleRoute_RotationFootrest_functions.cpp">
      <Filter>Funcs</Filter>
    </ClCompile>
    <ClCompile Include="SDK\SDK\MobilePatchingUtils_functions.cpp">
      <Filter>Funcs</Filter>
    </ClCompile>
    <ClCompile Include="SDK\SDK\MotoSynth_functions.cpp">
      <Filter>Funcs</Filter>
    </ClCompile>
    <ClCompile Include="SDK\SDK\MoveDock_BP_functions.cpp">
      <Filter>Funcs</Filter>
    </ClCompile>
    <ClCompile Include="SDK\SDK\MoveVane_BP_functions.cpp">
      <Filter>Funcs</Filter>
    </ClCompile>
    <ClCompile Include="SDK\SDK\MovieScene_functions.cpp">
      <Filter>Funcs</Filter>
    </ClCompile>
    <ClCompile Include="SDK\SDK\MovieSceneCapture_functions.cpp">
      <Filter>Funcs</Filter>
    </ClCompile>
    <ClCompile Include="SDK\SDK\MovieSceneTracks_functions.cpp">
      <Filter>Funcs</Filter>
    </ClCompile>
    <ClCompile Include="SDK\SDK\MRMesh_functions.cpp">
      <Filter>Funcs</Filter>
    </ClCompile>
    <ClCompile Include="SDK\SDK\Mug_Projectile_BP_functions.cpp">
      <Filter>Funcs</Filter>
    </ClCompile>
    <ClCompile Include="SDK\SDK\NavigationKeyButton_functions.cpp">
      <Filter>Funcs</Filter>
    </ClCompile>
    <ClCompile Include="SDK\SDK\NavigationSystem_functions.cpp">
      <Filter>Funcs</Filter>
    </ClCompile>
    <ClCompile Include="SDK\SDK\Niagara_functions.cpp">
      <Filter>Funcs</Filter>
    </ClCompile>
    <ClCompile Include="SDK\SDK\NiagaraAnimNotifies_functions.cpp">
      <Filter>Funcs</Filter>
    </ClCompile>
    <ClCompile Include="SDK\SDK\Nintendo_Stage_Start_Widget_functions.cpp">
      <Filter>Funcs</Filter>
    </ClCompile>
    <ClCompile Include="SDK\SDK\NoticeWidgetBP_functions.cpp">
      <Filter>Funcs</Filter>
    </ClCompile>
    <ClCompile Include="SDK\SDK\OnlineSubsystem_functions.cpp">
      <Filter>Funcs</Filter>
    </ClCompile>
    <ClCompile Include="SDK\SDK\OnlineSubsystemUtils_functions.cpp">
      <Filter>Funcs</Filter>
    </ClCompile>
    <ClCompile Include="SDK\SDK\OpenBtn_BP_functions.cpp">
      <Filter>Funcs</Filter>
    </ClCompile>
    <ClCompile Include="SDK\SDK\OptionsActionBinder_functions.cpp">
      <Filter>Funcs</Filter>
    </ClCompile>
    <ClCompile Include="SDK\SDK\OptionsButton_functions.cpp">
      <Filter>Funcs</Filter>
    </ClCompile>
    <ClCompile Include="SDK\SDK\OptionsOverviewWidgetBP_functions.cpp">
      <Filter>Funcs</Filter>
    </ClCompile>
    <ClCompile Include="SDK\SDK\OptionsPicker_functions.cpp">
      <Filter>Funcs</Filter>
    </ClCompile>
    <ClCompile Include="SDK\SDK\OptionsPicker_IngameVer_functions.cpp">
      <Filter>Funcs</Filter>
    </ClCompile>
    <ClCompile Include="SDK\SDK\OptionsPickerSubButton_functions.cpp">
      <Filter>Funcs</Filter>
    </ClCompile>
    <ClCompile Include="SDK\SDK\OptionsSlider_functions.cpp">
      <Filter>Funcs</Filter>
    </ClCompile>
    <ClCompile Include="SDK\SDK\Paper2D_functions.cpp">
      <Filter>Funcs</Filter>
    </ClCompile>
    <ClCompile Include="SDK\SDK\PathFollow_functions.cpp">
      <Filter>Funcs</Filter>
    </ClCompile>
    <ClCompile Include="SDK\SDK\PauseGameBPI_functions.cpp">
      <Filter>Funcs</Filter>
    </ClCompile>
    <ClCompile Include="SDK\SDK\PhysicsGetUpBlend_functions.cpp">
      <Filter>Funcs</Filter>
    </ClCompile>
    <ClCompile Include="SDK\SDK\PhysXVehicles_functions.cpp">
      <Filter>Funcs</Filter>
    </ClCompile>
    <ClCompile Include="SDK\SDK\Play_DeathAndItem_UI_functions.cpp">
      <Filter>Funcs</Filter>
    </ClCompile>
    <ClCompile Include="SDK\SDK\ProceduralMeshComponent_functions.cpp">
      <Filter>Funcs</Filter>
    </ClCompile>
    <ClCompile Include="SDK\SDK\QuizDoor_BP_functions.cpp">
      <Filter>Funcs</Filter>
    </ClCompile>
    <ClCompile Include="SDK\SDK\Rotation_SpikeBall_BP_functions.cpp">
      <Filter>Funcs</Filter>
    </ClCompile>
    <ClCompile Include="SDK\SDK\RotationBull_Trap_BP_functions.cpp">
      <Filter>Funcs</Filter>
    </ClCompile>
    <ClCompile Include="SDK\SDK\RotationCannon_BP_functions.cpp">
      <Filter>Funcs</Filter>
    </ClCompile>
    <ClCompile Include="SDK\SDK\RotationFootRest_BP_functions.cpp">
      <Filter>Funcs</Filter>
    </ClCompile>
    <ClCompile Include="SDK\SDK\RotationSide_Footrest_Bp_functions.cpp">
      <Filter>Funcs</Filter>
    </ClCompile>
    <ClCompile Include="SDK\SDK\RotationTrap_BP_functions.cpp">
      <Filter>Funcs</Filter>
    </ClCompile>
    <ClCompile Include="SDK\SDK\RotationWoodenBoard_BP_functions.cpp">
      <Filter>Funcs</Filter>
    </ClCompile>
    <ClCompile Include="SDK\SDK\Sancho_ai_controler_functions.cpp">
      <Filter>Funcs</Filter>
    </ClCompile>
    <ClCompile Include="SDK\SDK\Save_Point_functions.cpp">
      <Filter>Funcs</Filter>
    </ClCompile>
    <ClCompile Include="SDK\SDK\SaveAreaTrigger_BP_functions.cpp">
      <Filter>Funcs</Filter>
    </ClCompile>
    <ClCompile Include="SDK\SDK\SavePointSpawn_BP_functions.cpp">
      <Filter>Funcs</Filter>
    </ClCompile>
    <ClCompile Include="SDK\SDK\ShortCut_Trigger_BP_functions.cpp">
      <Filter>Funcs</Filter>
    </ClCompile>
    <ClCompile Include="SDK\SDK\ShortCutRouteWall_BP_functions.cpp">
      <Filter>Funcs</Filter>
    </ClCompile>
    <ClCompile Include="SDK\SDK\SpikeStairTrap_BP_functions.cpp">
      <Filter>Funcs</Filter>
    </ClCompile>
    <ClCompile Include="SDK\SDK\SplineMover_functions.cpp">
      <Filter>Funcs</Filter>
    </ClCompile>
    <ClCompile Include="SDK\SDK\StageA01_FishShot_BP_functions.cpp">
      <Filter>Funcs</Filter>
    </ClCompile>
    <ClCompile Include="SDK\SDK\StageA01_FishSpwan_BP_functions.cpp">
      <Filter>Funcs</Filter>
    </ClCompile>
    <ClCompile Include="SDK\SDK\Start_AirPlane_Blueprint_functions.cpp">
      <Filter>Funcs</Filter>
    </ClCompile>
    <ClCompile Include="SDK\SDK\StaticMeshDescription_functions.cpp">
      <Filter>Funcs</Filter>
    </ClCompile>
    <ClCompile Include="SDK\SDK\SteamMulti_GameInstance_functions.cpp">
      <Filter>Funcs</Filter>
    </ClCompile>
    <ClCompile Include="SDK\SDK\StoneSpawnPoint_KillRock_BP_functions.cpp">
      <Filter>Funcs</Filter>
    </ClCompile>
    <ClCompile Include="SDK\SDK\SwingFire_Trap_BP_functions.cpp">
      <Filter>Funcs</Filter>
    </ClCompile>
    <ClCompile Include="SDK\SDK\SwingSickle_Trap_BP_functions.cpp">
      <Filter>Funcs</Filter>
    </ClCompile>
    <ClCompile Include="SDK\SDK\Synthesis_functions.cpp">
      <Filter>Funcs</Filter>
    </ClCompile>
    <ClCompile Include="SDK\SDK\TemplateSequence_functions.cpp">
      <Filter>Funcs</Filter>
    </ClCompile>
    <ClCompile Include="SDK\SDK\TimeManagement_functions.cpp">
      <Filter>Funcs</Filter>
    </ClCompile>
    <ClCompile Include="SDK\SDK\TIP_UI_functions.cpp">
      <Filter>Funcs</Filter>
    </ClCompile>
    <ClCompile Include="SDK\SDK\TrainRoute_TrapTrigger_BP_functions.cpp">
      <Filter>Funcs</Filter>
    </ClCompile>
    <ClCompile Include="SDK\SDK\TutoDuckDoor_BP_functions.cpp">
      <Filter>Funcs</Filter>
    </ClCompile>
    <ClCompile Include="SDK\SDK\Tutorial_Info_UI_functions.cpp">
      <Filter>Funcs</Filter>
    </ClCompile>
    <ClCompile Include="SDK\SDK\UMG_functions.cpp">
      <Filter>Funcs</Filter>
    </ClCompile>
    <ClCompile Include="SDK\SDK\UpDownBalde_Trap_BP_functions.cpp">
      <Filter>Funcs</Filter>
    </ClCompile>
    <ClCompile Include="SDK\SDK\UpdownFootRest_02_BP_functions.cpp">
      <Filter>Funcs</Filter>
    </ClCompile>
    <ClCompile Include="SDK\SDK\UpTownDragon_TrapTrigger_BP_functions.cpp">
      <Filter>Funcs</Filter>
    </ClCompile>
    <ClCompile Include="SDK\SDK\VariantManagerContent_functions.cpp">
      <Filter>Funcs</Filter>
    </ClCompile>
    <ClCompile Include="SDK\SDK\WaterDie_BP_functions.cpp">
      <Filter>Funcs</Filter>
    </ClCompile>
    <ClCompile Include="SDK\SDK\YouDie_UI_functions.cpp">
      <Filter>Funcs</Filter>
    </ClCompile>
    <ClCompile Include="SDK\SDK\Zero1_MapSelectButton_functions.cpp">
      <Filter>Funcs</Filter>
    </ClCompile>
    <ClCompile Include="SDK\SDK\___7_functions.cpp">
      <Filter>Funcs</Filter>
    </ClCompile>
    <ClCompile Include="SDK\SDK\ActorLayerUtilities_functions.cpp">
      <Filter>Funcs</Filter>
    </ClCompile>
    <ClCompile Include="SDK\SDK\AdvancedSessions_functions.cpp">
      <Filter>Funcs</Filter>
    </ClCompile>
    <ClCompile Include="SDK\SDK\AdvancedSteamSessions_functions.cpp">
      <Filter>Funcs</Filter>
    </ClCompile>
    <ClCompile Include="SDK\SDK\AIModule_functions.cpp">
      <Filter>Funcs</Filter>
    </ClCompile>
    <ClCompile Include="SDK\SDK\ALTF4_DragonEGG_BP_functions.cpp">
      <Filter>Funcs</Filter>
    </ClCompile>
    <ClCompile Include="SDK\SDK\ALTF4_Solo_GM_functions.cpp">
      <Filter>Funcs</Filter>
    </ClCompile>
  </ItemGroup>
</Project>